Microsoft Visual Studio Solution File, Format Version 12.00
# Visual Studio Version 16
VisualStudioVersion = 16.0.29613.14
MinimumVisualStudioVersion = 10.0.40219.1
Project("{2150E333-8FDC-42A3-9474-1A3956D46DE8}") = "src", "src", "{753F9CB2-330F-4F25-9A8C-B518D6277F71}"
EndProject
Project("{2150E333-8FDC-42A3-9474-1A3956D46DE8}") = "Solution Items", "Solution Items", "{153298B0-8E3C-404A-B741-5A49BDFBF125}"
	ProjectSection(SolutionItems) = preProject
		.gitignore = .gitignore
	EndProjectSection
EndProject
Project("{2150E333-8FDC-42A3-9474-1A3956D46DE8}") = "tst", "tst", "{770AA7B9-8254-4020-B9AB-DCA2F2A248A3}"
EndProject
Project("{2150E333-8FDC-42A3-9474-1A3956D46DE8}") = "Core", "Core", "{F46803F5-3478-4492-B7CC-3B22EA6F2908}"
EndProject
Project("{2150E333-8FDC-42A3-9474-1A3956D46DE8}") = "Common", "Common", "{CFDBB75A-E485-4F40-A250-29210531EA30}"
EndProject
Project("{2150E333-8FDC-42A3-9474-1A3956D46DE8}") = "Infrastructure", "Infrastructure", "{87A65D66-6BF5-4387-9469-D2DEA22F92A0}"
EndProject
Project("{2150E333-8FDC-42A3-9474-1A3956D46DE8}") = "Presentation", "Presentation", "{A5BC695A-821A-474F-9BF4-28B643A408B6}"
EndProject
Project("{9A19103F-16F7-4668-BE54-9A1E7A4F7556}") = "Application", "src\Application\Application.csproj", "{B89776F4-740E-41A3-9E13-07045B101490}"
EndProject
Project("{9A19103F-16F7-4668-BE54-9A1E7A4F7556}") = "Domain", "src\Domain\Domain.csproj", "{D28B05CC-3771-4CE8-A374-801195A67DA1}"
EndProject
Project("{FAE04EC0-301F-11D3-BF4B-00C04F79EFBC}") = "Infrastructure", "src\Infrastructure\Infrastructure.csproj", "{5DB33F41-9FAE-427D-9EFF-CB5113DEF90D}"
EndProject
Project("{FAE04EC0-301F-11D3-BF4B-00C04F79EFBC}") = "Events", "src\Events\Events.csproj", "{6897B2FA-7FA8-4470-B12A-CE17A58B8A2F}"
EndProject
Project("{FAE04EC0-301F-11D3-BF4B-00C04F79EFBC}") = "Common", "src\Common\Common.csproj", "{EB18429F-52CD-4642-88B5-80EE58400C0C}"
EndProject
Project("{FAE04EC0-301F-11D3-BF4B-00C04F79EFBC}") = "Persistence.Sql", "src\Persistence.Sql\Persistence.Sql.csproj", "{572E48BD-74DD-4C84-9B11-2495CE2E0135}"
EndProject
Project("{FAE04EC0-301F-11D3-BF4B-00C04F79EFBC}") = "Presentation.Console", "src\Presentation.Console\Presentation.Console.csproj", "{07385AA2-63A4-42B7-9D7E-0C67DA06D9BC}"
EndProject
Project("{FAE04EC0-301F-11D3-BF4B-00C04F79EFBC}") = "Presentation.AzureFunction", "src\Presentation.AzureFunction\Presentation.AzureFunction.csproj", "{79A03393-317E-4A45-95C5-9CB1190B47DE}"
EndProject
Project("{FAE04EC0-301F-11D3-BF4B-00C04F79EFBC}") = "Presentation.API", "src\Presentation.API\Presentation.API.csproj", "{B800C2E1-0F23-4C11-91DB-969D5C533746}"
EndProject
Project("{9344BDBB-3E7F-41FC-A0DD-8665D75EE146}") = "Common.Tests", "tst\Common.Tests\Common.Tests.csproj", "{FF7FAE63-D2F0-4AD7-9194-F69C81C3792F}"
EndProject
Project("{9344BDBB-3E7F-41FC-A0DD-8665D75EE146}") = "Business.Tests", "tst\Business.Tests\Business.Tests.csproj", "{FF1D1F22-4B9E-4271-ABB8-90516E5C0A96}"
EndProject
Project("{9344BDBB-3E7F-41FC-A0DD-8665D75EE146}") = "Infrastructure.Tests", "tst\Infrastructure.Tests\Infrastructure.Tests.csproj", "{C4DF9326-3D00-4C49-97D9-D99B026D2B95}"
EndProject
Project("{9344BDBB-3E7F-41FC-A0DD-8665D75EE146}") = "Persistence.Sql.Tests", "tst\Persistence.Tests\Persistence.Sql.Tests.csproj", "{5F65FDFC-E73C-4C22-9CC1-8F9A0D3F1FEA}"
EndProject
Project("{9344BDBB-3E7F-41FC-A0DD-8665D75EE146}") = "Presentation.API.Tests", "tst\Presentation.API.Tests\Presentation.API.Tests.csproj", "{F10E6A94-C95F-4D8B-A469-B4747A502C2E}"
EndProject
Project("{9344BDBB-3E7F-41FC-A0DD-8665D75EE146}") = "Presentation.Console.Tests", "tst\Presentation.Console.Tests\Presentation.Console.Tests.csproj", "{3DAFF191-EC3B-4BEE-BD42-551C8E0F0A86}"
EndProject
Project("{9344BDBB-3E7F-41FC-A0DD-8665D75EE146}") = "Mapping.Tests", "tst\Mapping.Tests\Mapping.Tests.csproj", "{6CCA75F0-BFC3-4444-8EBD-A0B32CC471E8}"
EndProject
Global
	GlobalSection(SolutionConfigurationPlatforms) = preSolution
		Debug|Any CPU = Debug|Any CPU
		Release|Any CPU = Release|Any CPU
	EndGlobalSection
	GlobalSection(ProjectConfigurationPlatforms) = postSolution
		{B89776F4-740E-41A3-9E13-07045B101490}.Debug|Any CPU.ActiveCfg = Debug|Any CPU
		{B89776F4-740E-41A3-9E13-07045B101490}.Debug|Any CPU.Build.0 = Debug|Any CPU
		{B89776F4-740E-41A3-9E13-07045B101490}.Release|Any CPU.ActiveCfg = Release|Any CPU
		{B89776F4-740E-41A3-9E13-07045B101490}.Release|Any CPU.Build.0 = Release|Any CPU
		{D28B05CC-3771-4CE8-A374-801195A67DA1}.Debug|Any CPU.ActiveCfg = Debug|Any CPU
		{D28B05CC-3771-4CE8-A374-801195A67DA1}.Debug|Any CPU.Build.0 = Debug|Any CPU
		{D28B05CC-3771-4CE8-A374-801195A67DA1}.Release|Any CPU.ActiveCfg = Release|Any CPU
		{D28B05CC-3771-4CE8-A374-801195A67DA1}.Release|Any CPU.Build.0 = Release|Any CPU
		{5DB33F41-9FAE-427D-9EFF-CB5113DEF90D}.Debug|Any CPU.ActiveCfg = Debug|Any CPU
		{5DB33F41-9FAE-427D-9EFF-CB5113DEF90D}.Debug|Any CPU.Build.0 = Debug|Any CPU
		{5DB33F41-9FAE-427D-9EFF-CB5113DEF90D}.Release|Any CPU.ActiveCfg = Release|Any CPU
		{5DB33F41-9FAE-427D-9EFF-CB5113DEF90D}.Release|Any CPU.Build.0 = Release|Any CPU
		{6897B2FA-7FA8-4470-B12A-CE17A58B8A2F}.Debug|Any CPU.ActiveCfg = Debug|Any CPU
		{6897B2FA-7FA8-4470-B12A-CE17A58B8A2F}.Debug|Any CPU.Build.0 = Debug|Any CPU
		{6897B2FA-7FA8-4470-B12A-CE17A58B8A2F}.Release|Any CPU.ActiveCfg = Release|Any CPU
		{6897B2FA-7FA8-4470-B12A-CE17A58B8A2F}.Release|Any CPU.Build.0 = Release|Any CPU
		{EB18429F-52CD-4642-88B5-80EE58400C0C}.Debug|Any CPU.ActiveCfg = Debug|Any CPU
		{EB18429F-52CD-4642-88B5-80EE58400C0C}.Debug|Any CPU.Build.0 = Debug|Any CPU
		{EB18429F-52CD-4642-88B5-80EE58400C0C}.Release|Any CPU.ActiveCfg = Release|Any CPU
		{EB18429F-52CD-4642-88B5-80EE58400C0C}.Release|Any CPU.Build.0 = Release|Any CPU
		{572E48BD-74DD-4C84-9B11-2495CE2E0135}.Debug|Any CPU.ActiveCfg = Debug|Any CPU
		{572E48BD-74DD-4C84-9B11-2495CE2E0135}.Debug|Any CPU.Build.0 = Debug|Any CPU
		{572E48BD-74DD-4C84-9B11-2495CE2E0135}.Release|Any CPU.ActiveCfg = Release|Any CPU
		{572E48BD-74DD-4C84-9B11-2495CE2E0135}.Release|Any CPU.Build.0 = Release|Any CPU
		{07385AA2-63A4-42B7-9D7E-0C67DA06D9BC}.Debug|Any CPU.ActiveCfg = Debug|Any CPU
		{07385AA2-63A4-42B7-9D7E-0C67DA06D9BC}.Debug|Any CPU.Build.0 = Debug|Any CPU
		{07385AA2-63A4-42B7-9D7E-0C67DA06D9BC}.Release|Any CPU.ActiveCfg = Release|Any CPU
		{07385AA2-63A4-42B7-9D7E-0C67DA06D9BC}.Release|Any CPU.Build.0 = Release|Any CPU
		{79A03393-317E-4A45-95C5-9CB1190B47DE}.Debug|Any CPU.ActiveCfg = Debug|Any CPU
		{79A03393-317E-4A45-95C5-9CB1190B47DE}.Debug|Any CPU.Build.0 = Debug|Any CPU
		{79A03393-317E-4A45-95C5-9CB1190B47DE}.Release|Any CPU.ActiveCfg = Release|Any CPU
		{79A03393-317E-4A45-95C5-9CB1190B47DE}.Release|Any CPU.Build.0 = Release|Any CPU
		{B800C2E1-0F23-4C11-91DB-969D5C533746}.Debug|Any CPU.ActiveCfg = Debug|Any CPU
		{B800C2E1-0F23-4C11-91DB-969D5C533746}.Debug|Any CPU.Build.0 = Debug|Any CPU
		{B800C2E1-0F23-4C11-91DB-969D5C533746}.Release|Any CPU.ActiveCfg = Release|Any CPU
		{B800C2E1-0F23-4C11-91DB-969D5C533746}.Release|Any CPU.Build.0 = Release|Any CPU
		{FF7FAE63-D2F0-4AD7-9194-F69C81C3792F}.Debug|Any CPU.ActiveCfg = Debug|Any CPU
		{FF7FAE63-D2F0-4AD7-9194-F69C81C3792F}.Debug|Any CPU.Build.0 = Debug|Any CPU
		{FF7FAE63-D2F0-4AD7-9194-F69C81C3792F}.Release|Any CPU.ActiveCfg = Release|Any CPU
		{FF7FAE63-D2F0-4AD7-9194-F69C81C3792F}.Release|Any CPU.Build.0 = Release|Any CPU
		{FF1D1F22-4B9E-4271-ABB8-90516E5C0A96}.Debug|Any CPU.ActiveCfg = Debug|Any CPU
		{FF1D1F22-4B9E-4271-ABB8-90516E5C0A96}.Debug|Any CPU.Build.0 = Debug|Any CPU
		{FF1D1F22-4B9E-4271-ABB8-90516E5C0A96}.Release|Any CPU.ActiveCfg = Release|Any CPU
		{FF1D1F22-4B9E-4271-ABB8-90516E5C0A96}.Release|Any CPU.Build.0 = Release|Any CPU
		{C4DF9326-3D00-4C49-97D9-D99B026D2B95}.Debug|Any CPU.ActiveCfg = Debug|Any CPU
		{C4DF9326-3D00-4C49-97D9-D99B026D2B95}.Debug|Any CPU.Build.0 = Debug|Any CPU
		{C4DF9326-3D00-4C49-97D9-D99B026D2B95}.Release|Any CPU.ActiveCfg = Release|Any CPU
		{C4DF9326-3D00-4C49-97D9-D99B026D2B95}.Release|Any CPU.Build.0 = Release|Any CPU
		{5F65FDFC-E73C-4C22-9CC1-8F9A0D3F1FEA}.Debug|Any CPU.ActiveCfg = Debug|Any CPU
		{5F65FDFC-E73C-4C22-9CC1-8F9A0D3F1FEA}.Debug|Any CPU.Build.0 = Debug|Any CPU
		{5F65FDFC-E73C-4C22-9CC1-8F9A0D3F1FEA}.Release|Any CPU.ActiveCfg = Release|Any CPU
		{5F65FDFC-E73C-4C22-9CC1-8F9A0D3F1FEA}.Release|Any CPU.Build.0 = Release|Any CPU
		{F10E6A94-C95F-4D8B-A469-B4747A502C2E}.Debug|Any CPU.ActiveCfg = Debug|Any CPU
		{F10E6A94-C95F-4D8B-A469-B4747A502C2E}.Debug|Any CPU.Build.0 = Debug|Any CPU
		{F10E6A94-C95F-4D8B-A469-B4747A502C2E}.Release|Any CPU.ActiveCfg = Release|Any CPU
		{F10E6A94-C95F-4D8B-A469-B4747A502C2E}.Release|Any CPU.Build.0 = Release|Any CPU
		{3DAFF191-EC3B-4BEE-BD42-551C8E0F0A86}.Debug|Any CPU.ActiveCfg = Debug|Any CPU
		{3DAFF191-EC3B-4BEE-BD42-551C8E0F0A86}.Debug|Any CPU.Build.0 = Debug|Any CPU
		{3DAFF191-EC3B-4BEE-BD42-551C8E0F0A86}.Release|Any CPU.ActiveCfg = Release|Any CPU
		{3DAFF191-EC3B-4BEE-BD42-551C8E0F0A86}.Release|Any CPU.Build.0 = Release|Any CPU
		{6CCA75F0-BFC3-4444-8EBD-A0B32CC471E8}.Debug|Any CPU.ActiveCfg = Debug|Any CPU
		{6CCA75F0-BFC3-4444-8EBD-A0B32CC471E8}.Debug|Any CPU.Build.0 = Debug|Any CPU
		{6CCA75F0-BFC3-4444-8EBD-A0B32CC471E8}.Release|Any CPU.ActiveCfg = Release|Any CPU
		{6CCA75F0-BFC3-4444-8EBD-A0B32CC471E8}.Release|Any CPU.Build.0 = Release|Any CPU
	EndGlobalSection
	GlobalSection(SolutionProperties) = preSolution
		HideSolutionNode = FALSE
	EndGlobalSection
	GlobalSection(NestedProjects) = preSolution
		{F46803F5-3478-4492-B7CC-3B22EA6F2908} = {753F9CB2-330F-4F25-9A8C-B518D6277F71}
		{CFDBB75A-E485-4F40-A250-29210531EA30} = {753F9CB2-330F-4F25-9A8C-B518D6277F71}
		{87A65D66-6BF5-4387-9469-D2DEA22F92A0} = {753F9CB2-330F-4F25-9A8C-B518D6277F71}
		{A5BC695A-821A-474F-9BF4-28B643A408B6} = {753F9CB2-330F-4F25-9A8C-B518D6277F71}
		{B89776F4-740E-41A3-9E13-07045B101490} = {F46803F5-3478-4492-B7CC-3B22EA6F2908}
		{D28B05CC-3771-4CE8-A374-801195A67DA1} = {F46803F5-3478-4492-B7CC-3B22EA6F2908}
		{5DB33F41-9FAE-427D-9EFF-CB5113DEF90D} = {87A65D66-6BF5-4387-9469-D2DEA22F92A0}
		{6897B2FA-7FA8-4470-B12A-CE17A58B8A2F} = {F46803F5-3478-4492-B7CC-3B22EA6F2908}
		{EB18429F-52CD-4642-88B5-80EE58400C0C} = {CFDBB75A-E485-4F40-A250-29210531EA30}
		{572E48BD-74DD-4C84-9B11-2495CE2E0135} = {87A65D66-6BF5-4387-9469-D2DEA22F92A0}
		{07385AA2-63A4-42B7-9D7E-0C67DA06D9BC} = {A5BC695A-821A-474F-9BF4-28B643A408B6}
		{79A03393-317E-4A45-95C5-9CB1190B47DE} = {A5BC695A-821A-474F-9BF4-28B643A408B6}
		{B800C2E1-0F23-4C11-91DB-969D5C533746} = {A5BC695A-821A-474F-9BF4-28B643A408B6}
		{FF7FAE63-D2F0-4AD7-9194-F69C81C3792F} = {770AA7B9-8254-4020-B9AB-DCA2F2A248A3}
		{FF1D1F22-4B9E-4271-ABB8-90516E5C0A96} = {770AA7B9-8254-4020-B9AB-DCA2F2A248A3}
		{C4DF9326-3D00-4C49-97D9-D99B026D2B95} = {770AA7B9-8254-4020-B9AB-DCA2F2A248A3}
		{5F65FDFC-E73C-4C22-9CC1-8F9A0D3F1FEA} = {770AA7B9-8254-4020-B9AB-DCA2F2A248A3}
		{F10E6A94-C95F-4D8B-A469-B4747A502C2E} = {770AA7B9-8254-4020-B9AB-DCA2F2A248A3}
		{3DAFF191-EC3B-4BEE-BD42-551C8E0F0A86} = {770AA7B9-8254-4020-B9AB-DCA2F2A248A3}
		{6CCA75F0-BFC3-4444-8EBD-A0B32CC471E8} = {770AA7B9-8254-4020-B9AB-DCA2F2A248A3}
	EndGlobalSection
	GlobalSection(ExtensibilityGlobals) = postSolution
		SolutionGuid = {366D1276-B771-479D-890C-1C96A50C4BC7}
	EndGlobalSection
EndGlobal
