Microsoft Visual Studio Solution File, Format Version 12.00
# Visual Studio Version 16
VisualStudioVersion = 16.0.29613.14
MinimumVisualStudioVersion = 10.0.40219.1
Project("{2150E333-8FDC-42A3-9474-1A3956D46DE8}") = "src", "src", "{753F9CB2-330F-4F25-9A8C-B518D6277F71}"
EndProject
Project("{2150E333-8FDC-42A3-9474-1A3956D46DE8}") = "Solution Items", "Solution Items", "{153298B0-8E3C-404A-B741-5A49BDFBF125}"
	ProjectSection(SolutionItems) = preProject
		.gitignore = .gitignore
	EndProjectSection
EndProject
Project("{2150E333-8FDC-42A3-9474-1A3956D46DE8}") = "tst", "tst", "{770AA7B9-8254-4020-B9AB-DCA2F2A248A3}"
EndProject
Project("{2150E333-8FDC-42A3-9474-1A3956D46DE8}") = "Core", "Core", "{F46803F5-3478-4492-B7CC-3B22EA6F2908}"
EndProject
Project("{2150E333-8FDC-42A3-9474-1A3956D46DE8}") = "Common", "Common", "{CFDBB75A-E485-4F40-A250-29210531EA30}"
EndProject
Project("{2150E333-8FDC-42A3-9474-1A3956D46DE8}") = "Infrastructure", "Infrastructure", "{87A65D66-6BF5-4387-9469-D2DEA22F92A0}"
EndProject
Project("{2150E333-8FDC-42A3-9474-1A3956D46DE8}") = "Presentation", "Presentation", "{A5BC695A-821A-474F-9BF4-28B643A408B6}"
EndProject
Project("{9A19103F-16F7-4668-BE54-9A1E7A4F7556}") = "Application", "src\Application\Application.csproj", "{B89776F4-740E-41A3-9E13-07045B101490}"
EndProject
Project("{9A19103F-16F7-4668-BE54-9A1E7A4F7556}") = "Domain", "src\Domain\Domain.csproj", "{D28B05CC-3771-4CE8-A374-801195A67DA1}"
EndProject
Project("{9A19103F-16F7-4668-BE54-9A1E7A4F7556}") = "Infrastructure", "src\Infrastructure\Infrastructure.csproj", "{5DB33F41-9FAE-427D-9EFF-CB5113DEF90D}"
EndProject
Project("{9A19103F-16F7-4668-BE54-9A1E7A4F7556}") = "Events", "src\Events\Events.csproj", "{6897B2FA-7FA8-4470-B12A-CE17A58B8A2F}"
EndProject
Project("{9A19103F-16F7-4668-BE54-9A1E7A4F7556}") = "Common", "src\Common\Common.csproj", "{EB18429F-52CD-4642-88B5-80EE58400C0C}"
EndProject
Project("{9A19103F-16F7-4668-BE54-9A1E7A4F7556}") = "Persistence.Sql", "src\Persistence.Sql\Persistence.Sql.csproj", "{572E48BD-74DD-4C84-9B11-2495CE2E0135}"
EndProject
Project("{9A19103F-16F7-4668-BE54-9A1E7A4F7556}") = "Presentation.Console", "src\Presentation.Console\Presentation.Console.csproj", "{07385AA2-63A4-42B7-9D7E-0C67DA06D9BC}"
EndProject
Project("{9A19103F-16F7-4668-BE54-9A1E7A4F7556}") = "Presentation.AzureFunction", "src\Presentation.AzureFunction\Presentation.AzureFunction.csproj", "{79A03393-317E-4A45-95C5-9CB1190B47DE}"
EndProject
Project("{9A19103F-16F7-4668-BE54-9A1E7A4F7556}") = "Presentation.API", "src\Presentation.API\Presentation.API.csproj", "{B800C2E1-0F23-4C11-91DB-969D5C533746}"
EndProject
Project("{9A19103F-16F7-4668-BE54-9A1E7A4F7556}") = "Common.Tests", "tst\Common.Tests\Common.Tests.csproj", "{18705E4A-204B-46D8-A200-4A8699098DD1}"
EndProject
Project("{9A19103F-16F7-4668-BE54-9A1E7A4F7556}") = "Business.Tests", "tst\Business.Tests\Business.Tests.csproj", "{651EC87F-BA4B-42EE-A28E-FA8E88ED807D}"
EndProject
Project("{9A19103F-16F7-4668-BE54-9A1E7A4F7556}") = "Infrastructure.Tests", "tst\Infrastructure.Tests\Infrastructure.Tests.csproj", "{275B5BC4-00B3-416C-92D3-647482DBBC2C}"
EndProject
Project("{9A19103F-16F7-4668-BE54-9A1E7A4F7556}") = "Persistence.Sql.Tests", "tst\Persistence.Tests\Persistence.Sql.Tests.csproj", "{6AC057A5-4911-45B0-8CAD-2470104A43DF}"
EndProject
Project("{9A19103F-16F7-4668-BE54-9A1E7A4F7556}") = "Presentation.API.Tests", "tst\Presentation.API.Tests\Presentation.API.Tests.csproj", "{381701CD-67F9-4EFC-A691-0B4B993B606D}"
EndProject
Project("{9A19103F-16F7-4668-BE54-9A1E7A4F7556}") = "Presentation.Console.Tests", "tst\Presentation.Console.Tests\Presentation.Console.Tests.csproj", "{E524B658-47EE-44CF-AF56-773C5827028A}"
EndProject
Project("{9A19103F-16F7-4668-BE54-9A1E7A4F7556}") = "Mapping.Tests", "tst\Mapping.Tests\Mapping.Tests.csproj", "{7F253D77-1A08-4304-9EA4-495B5337B37E}"
EndProject
Project("{E53339B2-1760-4266-BCC7-CA923CBCF16C}") = "docker-compose", "docker-compose.dcproj", "{E020074D-3AF7-4906-9C39-42B03EF7234C}"
EndProject
Global
	GlobalSection(SolutionConfigurationPlatforms) = preSolution
		Debug|Any CPU = Debug|Any CPU
		Release|Any CPU = Release|Any CPU
	EndGlobalSection
	GlobalSection(ProjectConfigurationPlatforms) = postSolution
		{B89776F4-740E-41A3-9E13-07045B101490}.Debug|Any CPU.ActiveCfg = Debug|Any CPU
		{B89776F4-740E-41A3-9E13-07045B101490}.Debug|Any CPU.Build.0 = Debug|Any CPU
		{B89776F4-740E-41A3-9E13-07045B101490}.Release|Any CPU.ActiveCfg = Release|Any CPU
		{B89776F4-740E-41A3-9E13-07045B101490}.Release|Any CPU.Build.0 = Release|Any CPU
		{D28B05CC-3771-4CE8-A374-801195A67DA1}.Debug|Any CPU.ActiveCfg = Debug|Any CPU
		{D28B05CC-3771-4CE8-A374-801195A67DA1}.Debug|Any CPU.Build.0 = Debug|Any CPU
		{D28B05CC-3771-4CE8-A374-801195A67DA1}.Release|Any CPU.ActiveCfg = Release|Any CPU
		{D28B05CC-3771-4CE8-A374-801195A67DA1}.Release|Any CPU.Build.0 = Release|Any CPU
		{5DB33F41-9FAE-427D-9EFF-CB5113DEF90D}.Debug|Any CPU.ActiveCfg = Debug|Any CPU
		{5DB33F41-9FAE-427D-9EFF-CB5113DEF90D}.Debug|Any CPU.Build.0 = Debug|Any CPU
		{5DB33F41-9FAE-427D-9EFF-CB5113DEF90D}.Release|Any CPU.ActiveCfg = Release|Any CPU
		{5DB33F41-9FAE-427D-9EFF-CB5113DEF90D}.Release|Any CPU.Build.0 = Release|Any CPU
		{6897B2FA-7FA8-4470-B12A-CE17A58B8A2F}.Debug|Any CPU.ActiveCfg = Debug|Any CPU
		{6897B2FA-7FA8-4470-B12A-CE17A58B8A2F}.Debug|Any CPU.Build.0 = Debug|Any CPU
		{6897B2FA-7FA8-4470-B12A-CE17A58B8A2F}.Release|Any CPU.ActiveCfg = Release|Any CPU
		{6897B2FA-7FA8-4470-B12A-CE17A58B8A2F}.Release|Any CPU.Build.0 = Release|Any CPU
		{EB18429F-52CD-4642-88B5-80EE58400C0C}.Debug|Any CPU.ActiveCfg = Debug|Any CPU
		{EB18429F-52CD-4642-88B5-80EE58400C0C}.Debug|Any CPU.Build.0 = Debug|Any CPU
		{EB18429F-52CD-4642-88B5-80EE58400C0C}.Release|Any CPU.ActiveCfg = Release|Any CPU
		{EB18429F-52CD-4642-88B5-80EE58400C0C}.Release|Any CPU.Build.0 = Release|Any CPU
		{572E48BD-74DD-4C84-9B11-2495CE2E0135}.Debug|Any CPU.ActiveCfg = Debug|Any CPU
		{572E48BD-74DD-4C84-9B11-2495CE2E0135}.Debug|Any CPU.Build.0 = Debug|Any CPU
		{572E48BD-74DD-4C84-9B11-2495CE2E0135}.Release|Any CPU.ActiveCfg = Release|Any CPU
		{572E48BD-74DD-4C84-9B11-2495CE2E0135}.Release|Any CPU.Build.0 = Release|Any CPU
		{07385AA2-63A4-42B7-9D7E-0C67DA06D9BC}.Debug|Any CPU.ActiveCfg = Debug|Any CPU
		{07385AA2-63A4-42B7-9D7E-0C67DA06D9BC}.Debug|Any CPU.Build.0 = Debug|Any CPU
		{07385AA2-63A4-42B7-9D7E-0C67DA06D9BC}.Release|Any CPU.ActiveCfg = Release|Any CPU
		{07385AA2-63A4-42B7-9D7E-0C67DA06D9BC}.Release|Any CPU.Build.0 = Release|Any CPU
		{79A03393-317E-4A45-95C5-9CB1190B47DE}.Debug|Any CPU.ActiveCfg = Debug|Any CPU
		{79A03393-317E-4A45-95C5-9CB1190B47DE}.Debug|Any CPU.Build.0 = Debug|Any CPU
		{79A03393-317E-4A45-95C5-9CB1190B47DE}.Release|Any CPU.ActiveCfg = Release|Any CPU
		{79A03393-317E-4A45-95C5-9CB1190B47DE}.Release|Any CPU.Build.0 = Release|Any CPU
		{B800C2E1-0F23-4C11-91DB-969D5C533746}.Debug|Any CPU.ActiveCfg = Debug|Any CPU
		{B800C2E1-0F23-4C11-91DB-969D5C533746}.Debug|Any CPU.Build.0 = Debug|Any CPU
		{B800C2E1-0F23-4C11-91DB-969D5C533746}.Release|Any CPU.ActiveCfg = Release|Any CPU
		{B800C2E1-0F23-4C11-91DB-969D5C533746}.Release|Any CPU.Build.0 = Release|Any CPU
		{18705E4A-204B-46D8-A200-4A8699098DD1}.Debug|Any CPU.ActiveCfg = Debug|Any CPU
		{18705E4A-204B-46D8-A200-4A8699098DD1}.Debug|Any CPU.Build.0 = Debug|Any CPU
		{18705E4A-204B-46D8-A200-4A8699098DD1}.Release|Any CPU.ActiveCfg = Release|Any CPU
		{18705E4A-204B-46D8-A200-4A8699098DD1}.Release|Any CPU.Build.0 = Release|Any CPU
		{651EC87F-BA4B-42EE-A28E-FA8E88ED807D}.Debug|Any CPU.ActiveCfg = Debug|Any CPU
		{651EC87F-BA4B-42EE-A28E-FA8E88ED807D}.Debug|Any CPU.Build.0 = Debug|Any CPU
		{651EC87F-BA4B-42EE-A28E-FA8E88ED807D}.Release|Any CPU.ActiveCfg = Release|Any CPU
		{651EC87F-BA4B-42EE-A28E-FA8E88ED807D}.Release|Any CPU.Build.0 = Release|Any CPU
		{275B5BC4-00B3-416C-92D3-647482DBBC2C}.Debug|Any CPU.ActiveCfg = Debug|Any CPU
		{275B5BC4-00B3-416C-92D3-647482DBBC2C}.Debug|Any CPU.Build.0 = Debug|Any CPU
		{275B5BC4-00B3-416C-92D3-647482DBBC2C}.Release|Any CPU.ActiveCfg = Release|Any CPU
		{275B5BC4-00B3-416C-92D3-647482DBBC2C}.Release|Any CPU.Build.0 = Release|Any CPU
		{6AC057A5-4911-45B0-8CAD-2470104A43DF}.Debug|Any CPU.ActiveCfg = Debug|Any CPU
		{6AC057A5-4911-45B0-8CAD-2470104A43DF}.Debug|Any CPU.Build.0 = Debug|Any CPU
		{6AC057A5-4911-45B0-8CAD-2470104A43DF}.Release|Any CPU.ActiveCfg = Release|Any CPU
		{6AC057A5-4911-45B0-8CAD-2470104A43DF}.Release|Any CPU.Build.0 = Release|Any CPU
		{381701CD-67F9-4EFC-A691-0B4B993B606D}.Debug|Any CPU.ActiveCfg = Debug|Any CPU
		{381701CD-67F9-4EFC-A691-0B4B993B606D}.Debug|Any CPU.Build.0 = Debug|Any CPU
		{381701CD-67F9-4EFC-A691-0B4B993B606D}.Release|Any CPU.ActiveCfg = Release|Any CPU
		{381701CD-67F9-4EFC-A691-0B4B993B606D}.Release|Any CPU.Build.0 = Release|Any CPU
		{E524B658-47EE-44CF-AF56-773C5827028A}.Debug|Any CPU.ActiveCfg = Debug|Any CPU
		{E524B658-47EE-44CF-AF56-773C5827028A}.Debug|Any CPU.Build.0 = Debug|Any CPU
		{E524B658-47EE-44CF-AF56-773C5827028A}.Release|Any CPU.ActiveCfg = Release|Any CPU
		{E524B658-47EE-44CF-AF56-773C5827028A}.Release|Any CPU.Build.0 = Release|Any CPU
		{7F253D77-1A08-4304-9EA4-495B5337B37E}.Debug|Any CPU.ActiveCfg = Debug|Any CPU
		{7F253D77-1A08-4304-9EA4-495B5337B37E}.Debug|Any CPU.Build.0 = Debug|Any CPU
		{7F253D77-1A08-4304-9EA4-495B5337B37E}.Release|Any CPU.ActiveCfg = Release|Any CPU
		{7F253D77-1A08-4304-9EA4-495B5337B37E}.Release|Any CPU.Build.0 = Release|Any CPU
		{E020074D-3AF7-4906-9C39-42B03EF7234C}.Debug|Any CPU.ActiveCfg = Debug|Any CPU
		{E020074D-3AF7-4906-9C39-42B03EF7234C}.Debug|Any CPU.Build.0 = Debug|Any CPU
		{E020074D-3AF7-4906-9C39-42B03EF7234C}.Release|Any CPU.ActiveCfg = Release|Any CPU
		{E020074D-3AF7-4906-9C39-42B03EF7234C}.Release|Any CPU.Build.0 = Release|Any CPU
	EndGlobalSection
	GlobalSection(SolutionProperties) = preSolution
		HideSolutionNode = FALSE
	EndGlobalSection
	GlobalSection(NestedProjects) = preSolution
		{F46803F5-3478-4492-B7CC-3B22EA6F2908} = {753F9CB2-330F-4F25-9A8C-B518D6277F71}
		{CFDBB75A-E485-4F40-A250-29210531EA30} = {753F9CB2-330F-4F25-9A8C-B518D6277F71}
		{87A65D66-6BF5-4387-9469-D2DEA22F92A0} = {753F9CB2-330F-4F25-9A8C-B518D6277F71}
		{A5BC695A-821A-474F-9BF4-28B643A408B6} = {753F9CB2-330F-4F25-9A8C-B518D6277F71}
		{B89776F4-740E-41A3-9E13-07045B101490} = {F46803F5-3478-4492-B7CC-3B22EA6F2908}
		{D28B05CC-3771-4CE8-A374-801195A67DA1} = {F46803F5-3478-4492-B7CC-3B22EA6F2908}
		{5DB33F41-9FAE-427D-9EFF-CB5113DEF90D} = {87A65D66-6BF5-4387-9469-D2DEA22F92A0}
		{6897B2FA-7FA8-4470-B12A-CE17A58B8A2F} = {F46803F5-3478-4492-B7CC-3B22EA6F2908}
		{EB18429F-52CD-4642-88B5-80EE58400C0C} = {CFDBB75A-E485-4F40-A250-29210531EA30}
		{572E48BD-74DD-4C84-9B11-2495CE2E0135} = {87A65D66-6BF5-4387-9469-D2DEA22F92A0}
		{07385AA2-63A4-42B7-9D7E-0C67DA06D9BC} = {A5BC695A-821A-474F-9BF4-28B643A408B6}
		{79A03393-317E-4A45-95C5-9CB1190B47DE} = {A5BC695A-821A-474F-9BF4-28B643A408B6}
		{B800C2E1-0F23-4C11-91DB-969D5C533746} = {A5BC695A-821A-474F-9BF4-28B643A408B6}
		{18705E4A-204B-46D8-A200-4A8699098DD1} = {770AA7B9-8254-4020-B9AB-DCA2F2A248A3}
		{651EC87F-BA4B-42EE-A28E-FA8E88ED807D} = {770AA7B9-8254-4020-B9AB-DCA2F2A248A3}
		{275B5BC4-00B3-416C-92D3-647482DBBC2C} = {770AA7B9-8254-4020-B9AB-DCA2F2A248A3}
		{6AC057A5-4911-45B0-8CAD-2470104A43DF} = {770AA7B9-8254-4020-B9AB-DCA2F2A248A3}
		{381701CD-67F9-4EFC-A691-0B4B993B606D} = {770AA7B9-8254-4020-B9AB-DCA2F2A248A3}
		{E524B658-47EE-44CF-AF56-773C5827028A} = {770AA7B9-8254-4020-B9AB-DCA2F2A248A3}
		{7F253D77-1A08-4304-9EA4-495B5337B37E} = {770AA7B9-8254-4020-B9AB-DCA2F2A248A3}
	EndGlobalSection
	GlobalSection(ExtensibilityGlobals) = postSolution
		SolutionGuid = {366D1276-B771-479D-890C-1C96A50C4BC7}
	EndGlobalSection
EndGlobal
